{
  "object": {
    "pins": [
      {
        "package": "Base32",
        "repositoryURL": "https://github.com/norio-nomura/Base32.git",
        "state": {
          "branch": null,
          "revision": "69fc95dd2e4229a2fd82e14d9358c23b0fd8cf74",
          "version": "0.8.0"
        }
      }
    ]
  },
  "version": 1
}
